// !$*UTF8*$!
{
	archiveVersion = 1;
	classes = {
	};
	objectVersion = 46;
	objects = {

/* Begin PBXBuildFile section */
		C4AAD5771C91A8A400C25865 /* libChaosGL.dylib in Frameworks */ = {isa = PBXBuildFile; fileRef = C4AAD5741C91A87900C25865 /* libChaosGL.dylib */; };
		C4AAD57B1C91A8A500C25865 /* OpenGL.framework in Frameworks */ = {isa = PBXBuildFile; fileRef = C4AAD5791C91A8A500C25865 /* OpenGL.framework */; };
		C4AAD58F1C91A93500C25865 /* libChaosCore.dylib in Frameworks */ = {isa = PBXBuildFile; fileRef = C4AAD58C1C91A92700C25865 /* libChaosCore.dylib */; };
		C4AAD5921C91AA4B00C25865 /* DisplayObject.cpp in Sources */ = {isa = PBXBuildFile; fileRef = C4AAD5901C91AA4B00C25865 /* DisplayObject.cpp */; };
		C4AAD5931C91AA4B00C25865 /* DisplayObject.hpp in Headers */ = {isa = PBXBuildFile; fileRef = C4AAD5911C91AA4B00C25865 /* DisplayObject.hpp */; };
		C4AAD5961C91BD0B00C25865 /* BoundingBox.cpp in Sources */ = {isa = PBXBuildFile; fileRef = C4AAD5941C91BD0B00C25865 /* BoundingBox.cpp */; };
		C4AAD5971C91BD0B00C25865 /* BoundingBox.hpp in Headers */ = {isa = PBXBuildFile; fileRef = C4AAD5951C91BD0B00C25865 /* BoundingBox.hpp */; };
		C4AAD59A1C91C69400C25865 /* Container.cpp in Sources */ = {isa = PBXBuildFile; fileRef = C4AAD5981C91C69400C25865 /* Container.cpp */; };
		C4AAD59B1C91C69400C25865 /* Container.hpp in Headers */ = {isa = PBXBuildFile; fileRef = C4AAD5991C91C69400C25865 /* Container.hpp */; };
		C4AAD59E1C91EC7F00C25865 /* TransformSequence.cpp in Sources */ = {isa = PBXBuildFile; fileRef = C4AAD59C1C91EC7F00C25865 /* TransformSequence.cpp */; };
		C4AAD59F1C91EC7F00C25865 /* TransformSequence.hpp in Headers */ = {isa = PBXBuildFile; fileRef = C4AAD59D1C91EC7F00C25865 /* TransformSequence.hpp */; };
		C4AAD5A81C91EF7000C25865 /* Transformation.hpp in Headers */ = {isa = PBXBuildFile; fileRef = C4AAD5A61C91EF7000C25865 /* Transformation.hpp */; };
		C4AAD5AB1C91EFFA00C25865 /* Translation.cpp in Sources */ = {isa = PBXBuildFile; fileRef = C4AAD5A91C91EFFA00C25865 /* Translation.cpp */; };
		C4AAD5AC1C91EFFA00C25865 /* Translation.hpp in Headers */ = {isa = PBXBuildFile; fileRef = C4AAD5AA1C91EFFA00C25865 /* Translation.hpp */; };
		C4AAD5AF1C91FB0800C25865 /* Rotation.cpp in Sources */ = {isa = PBXBuildFile; fileRef = C4AAD5AD1C91FB0800C25865 /* Rotation.cpp */; };
		C4AAD5B01C91FB0800C25865 /* Rotation.hpp in Headers */ = {isa = PBXBuildFile; fileRef = C4AAD5AE1C91FB0800C25865 /* Rotation.hpp */; };
		C4AAD5B41C91FCF100C25865 /* Scaling.cpp in Sources */ = {isa = PBXBuildFile; fileRef = C4AAD5B21C91FCF100C25865 /* Scaling.cpp */; };
		C4AAD5B51C91FCF100C25865 /* Scaling.hpp in Headers */ = {isa = PBXBuildFile; fileRef = C4AAD5B31C91FCF100C25865 /* Scaling.hpp */; };
		C4AAD5BD1C925BC300C25865 /* main.cpp in Sources */ = {isa = PBXBuildFile; fileRef = C4AAD5BC1C925BC300C25865 /* main.cpp */; };
/* End PBXBuildFile section */

/* Begin PBXContainerItemProxy section */
		C4AAD5731C91A87900C25865 /* PBXContainerItemProxy */ = {
			isa = PBXContainerItemProxy;
			containerPortal = C4AAD56D1C91A87900C25865 /* ChaosGL.xcodeproj */;
			proxyType = 2;
			remoteGlobalIDString = C4E4E6231C8F23E400AC2C72;
			remoteInfo = ChaosGL;
		};
		C4AAD5751C91A87900C25865 /* PBXContainerItemProxy */ = {
			isa = PBXContainerItemProxy;
			containerPortal = C4AAD56D1C91A87900C25865 /* ChaosGL.xcodeproj */;
			proxyType = 2;
			remoteGlobalIDString = C4D6EFBB1C8F32D800FEB8BA;
			remoteInfo = ChaosGLTest;
		};
		C4AAD5831C91A8D400C25865 /* PBXContainerItemProxy */ = {
			isa = PBXContainerItemProxy;
			containerPortal = C4AAD56D1C91A87900C25865 /* ChaosGL.xcodeproj */;
			proxyType = 1;
			remoteGlobalIDString = C4E4E6221C8F23E400AC2C72;
			remoteInfo = ChaosGL;
		};
		C4AAD58B1C91A92700C25865 /* PBXContainerItemProxy */ = {
			isa = PBXContainerItemProxy;
			containerPortal = C4AAD5871C91A92700C25865 /* ChaosCore.xcodeproj */;
			proxyType = 2;
			remoteGlobalIDString = C4E4E6481C8F24AA00AC2C72;
			remoteInfo = ChaosCore;
		};
		C4AAD58D1C91A93100C25865 /* PBXContainerItemProxy */ = {
			isa = PBXContainerItemProxy;
			containerPortal = C4AAD5871C91A92700C25865 /* ChaosCore.xcodeproj */;
			proxyType = 1;
			remoteGlobalIDString = C4E4E6471C8F24AA00AC2C72;
			remoteInfo = ChaosCore;
		};
/* End PBXContainerItemProxy section */

/* Begin PBXCopyFilesBuildPhase section */
		C4AAD5B81C925BC300C25865 /* CopyFiles */ = {
			isa = PBXCopyFilesBuildPhase;
			buildActionMask = 2147483647;
			dstPath = /usr/share/man/man1/;
			dstSubfolderSpec = 0;
			files = (
			);
			runOnlyForDeploymentPostprocessing = 1;
		};
/* End PBXCopyFilesBuildPhase section */

/* Begin PBXFileReference section */
		C4AAD55F1C91A83A00C25865 /* libCreateGL.dylib */ = {isa = PBXFileReference; explicitFileType = "compiled.mach-o.dylib"; includeInIndex = 0; path = libCreateGL.dylib; sourceTree = BUILT_PRODUCTS_DIR; };
		C4AAD56D1C91A87900C25865 /* ChaosGL.xcodeproj */ = {isa = PBXFileReference; lastKnownFileType = "wrapper.pb-project"; name = ChaosGL.xcodeproj; path = ../ChaosGL/ChaosGL.xcodeproj; sourceTree = "<group>"; };
		C4AAD5791C91A8A500C25865 /* OpenGL.framework */ = {isa = PBXFileReference; lastKnownFileType = wrapper.framework; name = OpenGL.framework; path = System/Library/Frameworks/OpenGL.framework; sourceTree = SDKROOT; };
		C4AAD5871C91A92700C25865 /* ChaosCore.xcodeproj */ = {isa = PBXFileReference; lastKnownFileType = "wrapper.pb-project"; name = ChaosCore.xcodeproj; path = ../ChaosCore/ChaosCore.xcodeproj; sourceTree = "<group>"; };
		C4AAD5901C91AA4B00C25865 /* DisplayObject.cpp */ = {isa = PBXFileReference; fileEncoding = 4; lastKnownFileType = sourcecode.cpp.cpp; path = DisplayObject.cpp; sourceTree = "<group>"; };
		C4AAD5911C91AA4B00C25865 /* DisplayObject.hpp */ = {isa = PBXFileReference; fileEncoding = 4; lastKnownFileType = sourcecode.cpp.h; path = DisplayObject.hpp; sourceTree = "<group>"; };
		C4AAD5941C91BD0B00C25865 /* BoundingBox.cpp */ = {isa = PBXFileReference; fileEncoding = 4; lastKnownFileType = sourcecode.cpp.cpp; path = BoundingBox.cpp; sourceTree = "<group>"; };
		C4AAD5951C91BD0B00C25865 /* BoundingBox.hpp */ = {isa = PBXFileReference; fileEncoding = 4; lastKnownFileType = sourcecode.cpp.h; path = BoundingBox.hpp; sourceTree = "<group>"; };
		C4AAD5981C91C69400C25865 /* Container.cpp */ = {isa = PBXFileReference; fileEncoding = 4; lastKnownFileType = sourcecode.cpp.cpp; path = Container.cpp; sourceTree = "<group>"; };
		C4AAD5991C91C69400C25865 /* Container.hpp */ = {isa = PBXFileReference; fileEncoding = 4; lastKnownFileType = sourcecode.cpp.h; path = Container.hpp; sourceTree = "<group>"; };
		C4AAD59C1C91EC7F00C25865 /* TransformSequence.cpp */ = {isa = PBXFileReference; fileEncoding = 4; lastKnownFileType = sourcecode.cpp.cpp; path = TransformSequence.cpp; sourceTree = "<group>"; };
		C4AAD59D1C91EC7F00C25865 /* TransformSequence.hpp */ = {isa = PBXFileReference; fileEncoding = 4; lastKnownFileType = sourcecode.cpp.h; path = TransformSequence.hpp; sourceTree = "<group>"; };
		C4AAD5A61C91EF7000C25865 /* Transformation.hpp */ = {isa = PBXFileReference; fileEncoding = 4; lastKnownFileType = sourcecode.cpp.h; path = Transformation.hpp; sourceTree = "<group>"; };
		C4AAD5A91C91EFFA00C25865 /* Translation.cpp */ = {isa = PBXFileReference; fileEncoding = 4; lastKnownFileType = sourcecode.cpp.cpp; path = Translation.cpp; sourceTree = "<group>"; };
		C4AAD5AA1C91EFFA00C25865 /* Translation.hpp */ = {isa = PBXFileReference; fileEncoding = 4; lastKnownFileType = sourcecode.cpp.h; path = Translation.hpp; sourceTree = "<group>"; };
		C4AAD5AD1C91FB0800C25865 /* Rotation.cpp */ = {isa = PBXFileReference; fileEncoding = 4; lastKnownFileType = sourcecode.cpp.cpp; path = Rotation.cpp; sourceTree = "<group>"; };
		C4AAD5AE1C91FB0800C25865 /* Rotation.hpp */ = {isa = PBXFileReference; fileEncoding = 4; lastKnownFileType = sourcecode.cpp.h; path = Rotation.hpp; sourceTree = "<group>"; };
		C4AAD5B21C91FCF100C25865 /* Scaling.cpp */ = {isa = PBXFileReference; fileEncoding = 4; lastKnownFileType = sourcecode.cpp.cpp; path = Scaling.cpp; sourceTree = "<group>"; };
		C4AAD5B31C91FCF100C25865 /* Scaling.hpp */ = {isa = PBXFileReference; fileEncoding = 4; lastKnownFileType = sourcecode.cpp.h; path = Scaling.hpp; sourceTree = "<group>"; };
		C4AAD5BA1C925BC300C25865 /* Playground */ = {isa = PBXFileReference; explicitFileType = "compiled.mach-o.executable"; includeInIndex = 0; path = Playground; sourceTree = BUILT_PRODUCTS_DIR; };
		C4AAD5BC1C925BC300C25865 /* main.cpp */ = {isa = PBXFileReference; lastKnownFileType = sourcecode.cpp.cpp; path = main.cpp; sourceTree = "<group>"; };
/* End PBXFileReference section */

/* Begin PBXFrameworksBuildPhase section */
		C4AAD55C1C91A83A00C25865 /* Frameworks */ = {
			isa = PBXFrameworksBuildPhase;
			buildActionMask = 2147483647;
			files = (
				C4AAD57B1C91A8A500C25865 /* OpenGL.framework in Frameworks */,
				C4AAD58F1C91A93500C25865 /* libChaosCore.dylib in Frameworks */,
				C4AAD5771C91A8A400C25865 /* libChaosGL.dylib in Frameworks */,
			);
			runOnlyForDeploymentPostprocessing = 0;
		};
		C4AAD5B71C925BC300C25865 /* Frameworks */ = {
			isa = PBXFrameworksBuildPhase;
			buildActionMask = 2147483647;
			files = (
			);
			runOnlyForDeploymentPostprocessing = 0;
		};
/* End PBXFrameworksBuildPhase section */

/* Begin PBXGroup section */
		C4AAD5561C91A83A00C25865 = {
			isa = PBXGroup;
			children = (
				C4AAD5791C91A8A500C25865 /* OpenGL.framework */,
				C4AAD5871C91A92700C25865 /* ChaosCore.xcodeproj */,
				C4AAD56D1C91A87900C25865 /* ChaosGL.xcodeproj */,
				C4AAD5611C91A83A00C25865 /* CreateGL */,
				C4AAD5BB1C925BC300C25865 /* Playground */,
				C4AAD5601C91A83A00C25865 /* Products */,
			);
			sourceTree = "<group>";
		};
		C4AAD5601C91A83A00C25865 /* Products */ = {
			isa = PBXGroup;
			children = (
				C4AAD55F1C91A83A00C25865 /* libCreateGL.dylib */,
				C4AAD5BA1C925BC300C25865 /* Playground */,
			);
			name = Products;
			sourceTree = "<group>";
		};
		C4AAD5611C91A83A00C25865 /* CreateGL */ = {
			isa = PBXGroup;
			children = (
				C4AAD5B11C91FCC500C25865 /* Transformation */,
				C4AAD5941C91BD0B00C25865 /* BoundingBox.cpp */,
				C4AAD5951C91BD0B00C25865 /* BoundingBox.hpp */,
				C4AAD5981C91C69400C25865 /* Container.cpp */,
				C4AAD5991C91C69400C25865 /* Container.hpp */,
				C4AAD5901C91AA4B00C25865 /* DisplayObject.cpp */,
				C4AAD5911C91AA4B00C25865 /* DisplayObject.hpp */,
				C4AAD59C1C91EC7F00C25865 /* TransformSequence.cpp */,
				C4AAD59D1C91EC7F00C25865 /* TransformSequence.hpp */,
			);
			path = CreateGL;
			sourceTree = "<group>";
		};
		C4AAD56E1C91A87900C25865 /* Products */ = {
			isa = PBXGroup;
			children = (
				C4AAD5741C91A87900C25865 /* libChaosGL.dylib */,
				C4AAD5761C91A87900C25865 /* ChaosGLTest */,
			);
			name = Products;
			sourceTree = "<group>";
		};
		C4AAD5881C91A92700C25865 /* Products */ = {
			isa = PBXGroup;
			children = (
				C4AAD58C1C91A92700C25865 /* libChaosCore.dylib */,
			);
			name = Products;
			sourceTree = "<group>";
		};
		C4AAD5B11C91FCC500C25865 /* Transformation */ = {
			isa = PBXGroup;
			children = (
				C4AAD5AD1C91FB0800C25865 /* Rotation.cpp */,
				C4AAD5AE1C91FB0800C25865 /* Rotation.hpp */,
				C4AAD5A61C91EF7000C25865 /* Transformation.hpp */,
				C4AAD5A91C91EFFA00C25865 /* Translation.cpp */,
				C4AAD5AA1C91EFFA00C25865 /* Translation.hpp */,
				C4AAD5B21C91FCF100C25865 /* Scaling.cpp */,
				C4AAD5B31C91FCF100C25865 /* Scaling.hpp */,
			);
			name = Transformation;
			sourceTree = "<group>";
		};
		C4AAD5BB1C925BC300C25865 /* Playground */ = {
			isa = PBXGroup;
			children = (
				C4AAD5BC1C925BC300C25865 /* main.cpp */,
			);
			path = Playground;
			sourceTree = "<group>";
		};
/* End PBXGroup section */

/* Begin PBXHeadersBuildPhase section */
		C4AAD55D1C91A83A00C25865 /* Headers */ = {
			isa = PBXHeadersBuildPhase;
			buildActionMask = 2147483647;
			files = (
				C4AAD5B01C91FB0800C25865 /* Rotation.hpp in Headers */,
				C4AAD5AC1C91EFFA00C25865 /* Translation.hpp in Headers */,
				C4AAD5B51C91FCF100C25865 /* Scaling.hpp in Headers */,
				C4AAD59F1C91EC7F00C25865 /* TransformSequence.hpp in Headers */,
				C4AAD59B1C91C69400C25865 /* Container.hpp in Headers */,
				C4AAD5971C91BD0B00C25865 /* BoundingBox.hpp in Headers */,
				C4AAD5931C91AA4B00C25865 /* DisplayObject.hpp in Headers */,
				C4AAD5A81C91EF7000C25865 /* Transformation.hpp in Headers */,
			);
			runOnlyForDeploymentPostprocessing = 0;
		};
/* End PBXHeadersBuildPhase section */

/* Begin PBXNativeTarget section */
		C4AAD55E1C91A83A00C25865 /* CreateGL */ = {
			isa = PBXNativeTarget;
			buildConfigurationList = C4AAD56A1C91A83A00C25865 /* Build configuration list for PBXNativeTarget "CreateGL" */;
			buildPhases = (
				C4AAD55B1C91A83A00C25865 /* Sources */,
				C4AAD55C1C91A83A00C25865 /* Frameworks */,
				C4AAD55D1C91A83A00C25865 /* Headers */,
			);
			buildRules = (
			);
			dependencies = (
				C4AAD58E1C91A93100C25865 /* PBXTargetDependency */,
				C4AAD5841C91A8D400C25865 /* PBXTargetDependency */,
			);
			name = CreateGL;
			productName = CreateGL;
			productReference = C4AAD55F1C91A83A00C25865 /* libCreateGL.dylib */;
			productType = "com.apple.product-type.library.dynamic";
		};
		C4AAD5B91C925BC300C25865 /* Playground */ = {
			isa = PBXNativeTarget;
			buildConfigurationList = C4AAD5BE1C925BC300C25865 /* Build configuration list for PBXNativeTarget "Playground" */;
			buildPhases = (
				C4AAD5B61C925BC300C25865 /* Sources */,
				C4AAD5B71C925BC300C25865 /* Frameworks */,
				C4AAD5B81C925BC300C25865 /* CopyFiles */,
			);
			buildRules = (
			);
			dependencies = (
			);
			name = Playground;
			productName = Playground;
			productReference = C4AAD5BA1C925BC300C25865 /* Playground */;
			productType = "com.apple.product-type.tool";
		};
/* End PBXNativeTarget section */

/* Begin PBXProject section */
		C4AAD5571C91A83A00C25865 /* Project object */ = {
			isa = PBXProject;
			attributes = {
				LastUpgradeCheck = 0720;
				ORGANIZATIONNAME = "Fu Lam Diep";
				TargetAttributes = {
					C4AAD55E1C91A83A00C25865 = {
						CreatedOnToolsVersion = 7.2.1;
					};
					C4AAD5B91C925BC300C25865 = {
						CreatedOnToolsVersion = 7.2.1;
					};
				};
			};
			buildConfigurationList = C4AAD55A1C91A83A00C25865 /* Build configuration list for PBXProject "CreateGL" */;
			compatibilityVersion = "Xcode 3.2";
			developmentRegion = English;
			hasScannedForEncodings = 0;
			knownRegions = (
				en,
			);
			mainGroup = C4AAD5561C91A83A00C25865;
			productRefGroup = C4AAD5601C91A83A00C25865 /* Products */;
			projectDirPath = "";
			projectReferences = (
				{
					ProductGroup = C4AAD5881C91A92700C25865 /* Products */;
					ProjectRef = C4AAD5871C91A92700C25865 /* ChaosCore.xcodeproj */;
				},
				{
					ProductGroup = C4AAD56E1C91A87900C25865 /* Products */;
					ProjectRef = C4AAD56D1C91A87900C25865 /* ChaosGL.xcodeproj */;
				},
			);
			projectRoot = "";
			targets = (
				C4AAD55E1C91A83A00C25865 /* CreateGL */,
				C4AAD5B91C925BC300C25865 /* Playground */,
			);
		};
/* End PBXProject section */

/* Begin PBXReferenceProxy section */
		C4AAD5741C91A87900C25865 /* libChaosGL.dylib */ = {
			isa = PBXReferenceProxy;
			fileType = "compiled.mach-o.dylib";
			path = libChaosGL.dylib;
			remoteRef = C4AAD5731C91A87900C25865 /* PBXContainerItemProxy */;
			sourceTree = BUILT_PRODUCTS_DIR;
		};
		C4AAD5761C91A87900C25865 /* ChaosGLTest */ = {
			isa = PBXReferenceProxy;
			fileType = "compiled.mach-o.executable";
			path = ChaosGLTest;
			remoteRef = C4AAD5751C91A87900C25865 /* PBXContainerItemProxy */;
			sourceTree = BUILT_PRODUCTS_DIR;
		};
		C4AAD58C1C91A92700C25865 /* libChaosCore.dylib */ = {
			isa = PBXReferenceProxy;
			fileType = "compiled.mach-o.dylib";
			path = libChaosCore.dylib;
			remoteRef = C4AAD58B1C91A92700C25865 /* PBXContainerItemProxy */;
			sourceTree = BUILT_PRODUCTS_DIR;
		};
/* End PBXReferenceProxy section */

/* Begin PBXSourcesBuildPhase section */
		C4AAD55B1C91A83A00C25865 /* Sources */ = {
			isa = PBXSourcesBuildPhase;
			buildActionMask = 2147483647;
			files = (
				C4AAD59A1C91C69400C25865 /* Container.cpp in Sources */,
				C4AAD5921C91AA4B00C25865 /* DisplayObject.cpp in Sources */,
				C4AAD5B41C91FCF100C25865 /* Scaling.cpp in Sources */,
				C4AAD5961C91BD0B00C25865 /* BoundingBox.cpp in Sources */,
				C4AAD5AB1C91EFFA00C25865 /* Translation.cpp in Sources */,
				C4AAD59E1C91EC7F00C25865 /* TransformSequence.cpp in Sources */,
				C4AAD5AF1C91FB0800C25865 /* Rotation.cpp in Sources */,
			);
			runOnlyForDeploymentPostprocessing = 0;
		};
		C4AAD5B61C925BC300C25865 /* Sources */ = {
			isa = PBXSourcesBuildPhase;
			buildActionMask = 2147483647;
			files = (
				C4AAD5BD1C925BC300C25865 /* main.cpp in Sources */,
			);
			runOnlyForDeploymentPostprocessing = 0;
		};
/* End PBXSourcesBuildPhase section */

/* Begin PBXTargetDependency section */
		C4AAD5841C91A8D400C25865 /* PBXTargetDependency */ = {
			isa = PBXTargetDependency;
			name = ChaosGL;
			targetProxy = C4AAD5831C91A8D400C25865 /* PBXContainerItemProxy */;
		};
		C4AAD58E1C91A93100C25865 /* PBXTargetDependency */ = {
			isa = PBXTargetDependency;
			name = ChaosCore;
			targetProxy = C4AAD58D1C91A93100C25865 /* PBXContainerItemProxy */;
		};
/* End PBXTargetDependency section */

/* Begin XCBuildConfiguration section */
		C4AAD5681C91A83A00C25865 /* Debug */ = {
			isa = XCBuildConfiguration;
			buildSettings = {
				ALWAYS_SEARCH_USER_PATHS = NO;
				CLANG_CXX_LANGUAGE_STANDARD = "gnu++0x";
				CLANG_CXX_LIBRARY = "libc++";
				CLANG_ENABLE_MODULES = YES;
				CLANG_ENABLE_OBJC_ARC = YES;
				CLANG_WARN_BOOL_CONVERSION = YES;
				CLANG_WARN_CONSTANT_CONVERSION = YES;
				CLANG_WARN_DIRECT_OBJC_ISA_USAGE = YES_ERROR;
				CLANG_WARN_EMPTY_BODY = YES;
				CLANG_WARN_ENUM_CONVERSION = YES;
				CLANG_WARN_INT_CONVERSION = YES;
				CLANG_WARN_OBJC_ROOT_CLASS = YES_ERROR;
				CLANG_WARN_UNREACHABLE_CODE = YES;
				CLANG_WARN__DUPLICATE_METHOD_MATCH = YES;
				CODE_SIGN_IDENTITY = "-";
				COPY_PHASE_STRIP = NO;
				DEBUG_INFORMATION_FORMAT = dwarf;
				ENABLE_STRICT_OBJC_MSGSEND = YES;
				ENABLE_TESTABILITY = YES;
				GCC_C_LANGUAGE_STANDARD = gnu99;
				GCC_DYNAMIC_NO_PIC = NO;
				GCC_NO_COMMON_BLOCKS = YES;
				GCC_OPTIMIZATION_LEVEL = 0;
				GCC_PREPROCESSOR_DEFINITIONS = (
					"DEBUG=1",
					"$(inherited)",
				);
				GCC_WARN_64_TO_32_BIT_CONVERSION = YES;
				GCC_WARN_ABOUT_RETURN_TYPE = YES_ERROR;
				GCC_WARN_UNDECLARED_SELECTOR = YES;
				GCC_WARN_UNINITIALIZED_AUTOS = YES_AGGRESSIVE;
				GCC_WARN_UNUSED_FUNCTION = YES;
				GCC_WARN_UNUSED_VARIABLE = YES;
				HEADER_SEARCH_PATHS = /opt/local/include;
				MACOSX_DEPLOYMENT_TARGET = 10.11;
				MTL_ENABLE_DEBUG_INFO = YES;
				ONLY_ACTIVE_ARCH = YES;
				SDKROOT = macosx;
			};
			name = Debug;
		};
		C4AAD5691C91A83A00C25865 /* Release */ = {
			isa = XCBuildConfiguration;
			buildSettings = {
				ALWAYS_SEARCH_USER_PATHS = NO;
				CLANG_CXX_LANGUAGE_STANDARD = "gnu++0x";
				CLANG_CXX_LIBRARY = "libc++";
				CLANG_ENABLE_MODULES = YES;
				CLANG_ENABLE_OBJC_ARC = YES;
				CLANG_WARN_BOOL_CONVERSION = YES;
				CLANG_WARN_CONSTANT_CONVERSION = YES;
				CLANG_WARN_DIRECT_OBJC_ISA_USAGE = YES_ERROR;
				CLANG_WARN_EMPTY_BODY = YES;
				CLANG_WARN_ENUM_CONVERSION = YES;
				CLANG_WARN_INT_CONVERSION = YES;
				CLANG_WARN_OBJC_ROOT_CLASS = YES_ERROR;
				CLANG_WARN_UNREACHABLE_CODE = YES;
				CLANG_WARN__DUPLICATE_METHOD_MATCH = YES;
				CODE_SIGN_IDENTITY = "-";
				COPY_PHASE_STRIP = NO;
				DEBUG_INFORMATION_FORMAT = "dwarf-with-dsym";
				ENABLE_NS_ASSERTIONS = NO;
				ENABLE_STRICT_OBJC_MSGSEND = YES;
				GCC_C_LANGUAGE_STANDARD = gnu99;
				GCC_NO_COMMON_BLOCKS = YES;
				GCC_WARN_64_TO_32_BIT_CONVERSION = YES;
				GCC_WARN_ABOUT_RETURN_TYPE = YES_ERROR;
				GCC_WARN_UNDECLARED_SELECTOR = YES;
				GCC_WARN_UNINITIALIZED_AUTOS = YES_AGGRESSIVE;
				GCC_WARN_UNUSED_FUNCTION = YES;
				GCC_WARN_UNUSED_VARIABLE = YES;
				HEADER_SEARCH_PATHS = /opt/local/include;
				MACOSX_DEPLOYMENT_TARGET = 10.11;
				MTL_ENABLE_DEBUG_INFO = NO;
				SDKROOT = macosx;
			};
			name = Release;
		};
		C4AAD56B1C91A83A00C25865 /* Debug */ = {
			isa = XCBuildConfiguration;
			buildSettings = {
				DYLIB_COMPATIBILITY_VERSION = 1;
				DYLIB_CURRENT_VERSION = 1;
				EXECUTABLE_PREFIX = lib;
				GCC_ENABLE_CPP_EXCEPTIONS = YES;
				GCC_ENABLE_CPP_RTTI = YES;
				GCC_SYMBOLS_PRIVATE_EXTERN = YES;
				PRODUCT_NAME = "$(TARGET_NAME)";
			};
			name = Debug;
		};
		C4AAD56C1C91A83A00C25865 /* Release */ = {
			isa = XCBuildConfiguration;
			buildSettings = {
				DYLIB_COMPATIBILITY_VERSION = 1;
				DYLIB_CURRENT_VERSION = 1;
				EXECUTABLE_PREFIX = lib;
				GCC_ENABLE_CPP_EXCEPTIONS = YES;
				GCC_ENABLE_CPP_RTTI = YES;
				GCC_SYMBOLS_PRIVATE_EXTERN = YES;
				PRODUCT_NAME = "$(TARGET_NAME)";
			};
			name = Release;
		};
		C4AAD5BF1C925BC300C25865 /* Debug */ = {
			isa = XCBuildConfiguration;
			buildSettings = {
				PRODUCT_NAME = "$(TARGET_NAME)";
			};
			name = Debug;
		};
		C4AAD5C01C925BC300C25865 /* Release */ = {
			isa = XCBuildConfiguration;
			buildSettings = {
				PRODUCT_NAME = "$(TARGET_NAME)";
			};
			name = Release;
		};
/* End XCBuildConfiguration section */

/* Begin XCConfigurationList section */
		C4AAD55A1C91A83A00C25865 /* Build configuration list for PBXProject "CreateGL" */ = {
			isa = XCConfigurationList;
			buildConfigurations = (
				C4AAD5681C91A83A00C25865 /* Debug */,
				C4AAD5691C91A83A00C25865 /* Release */,
			);
			defaultConfigurationIsVisible = 0;
			defaultConfigurationName = Release;
		};
		C4AAD56A1C91A83A00C25865 /* Build configuration list for PBXNativeTarget "CreateGL" */ = {
			isa = XCConfigurationList;
			buildConfigurations = (
				C4AAD56B1C91A83A00C25865 /* Debug */,
				C4AAD56C1C91A83A00C25865 /* Release */,
			);
			defaultConfigurationIsVisible = 0;
		};
		C4AAD5BE1C925BC300C25865 /* Build configuration list for PBXNativeTarget "Playground" */ = {
			isa = XCConfigurationList;
			buildConfigurations = (
				C4AAD5BF1C925BC300C25865 /* Debug */,
				C4AAD5C01C925BC300C25865 /* Release */,
			);
			defaultConfigurationIsVisible = 0;
		};
/* End XCConfigurationList section */
	};
	rootObject = C4AAD5571C91A83A00C25865 /* Project object */;
}
