// !$*UTF8*$!
{
	archiveVersion = 1;
	classes = {
	};
	objectVersion = 46;
	objects = {

/* Begin PBXBuildFile section */
		C44BD0661CC5A20700F51AFA /* main.cpp in Sources */ = {isa = PBXBuildFile; fileRef = C44BD0651CC5A20700F51AFA /* main.cpp */; };
		C44BD06A1CC5A21900F51AFA /* libCreateGL.dylib in Frameworks */ = {isa = PBXBuildFile; fileRef = C4AAD55F1C91A83A00C25865 /* libCreateGL.dylib */; };
		C44BD06B1CC5A21900F51AFA /* libChaosCore.dylib in Frameworks */ = {isa = PBXBuildFile; fileRef = C4AAD58C1C91A92700C25865 /* libChaosCore.dylib */; };
		C44BD06C1CC5A21900F51AFA /* libChaosGL.dylib in Frameworks */ = {isa = PBXBuildFile; fileRef = C4AAD5741C91A87900C25865 /* libChaosGL.dylib */; };
		C44BD0751CC5A23D00F51AFA /* libgtest.a in Frameworks */ = {isa = PBXBuildFile; fileRef = C44BD05D1CC5A1D900F51AFA /* libgtest.a */; };
		C44BD0781CC5A40600F51AFA /* Shape.cpp in Sources */ = {isa = PBXBuildFile; fileRef = C44BD0761CC5A40600F51AFA /* Shape.cpp */; };
		C44BD0791CC5A40600F51AFA /* Shape.hpp in Headers */ = {isa = PBXBuildFile; fileRef = C44BD0771CC5A40600F51AFA /* Shape.hpp */; };
		C4AAD5771C91A8A400C25865 /* libChaosGL.dylib in Frameworks */ = {isa = PBXBuildFile; fileRef = C4AAD5741C91A87900C25865 /* libChaosGL.dylib */; };
		C4AAD57B1C91A8A500C25865 /* OpenGL.framework in Frameworks */ = {isa = PBXBuildFile; fileRef = C4AAD5791C91A8A500C25865 /* OpenGL.framework */; };
		C4AAD58F1C91A93500C25865 /* libChaosCore.dylib in Frameworks */ = {isa = PBXBuildFile; fileRef = C4AAD58C1C91A92700C25865 /* libChaosCore.dylib */; };
		C4AAD5921C91AA4B00C25865 /* DisplayObject.cpp in Sources */ = {isa = PBXBuildFile; fileRef = C4AAD5901C91AA4B00C25865 /* DisplayObject.cpp */; };
		C4AAD5931C91AA4B00C25865 /* DisplayObject.hpp in Headers */ = {isa = PBXBuildFile; fileRef = C4AAD5911C91AA4B00C25865 /* DisplayObject.hpp */; };
		C4AAD5961C91BD0B00C25865 /* bbox.cpp in Sources */ = {isa = PBXBuildFile; fileRef = C4AAD5941C91BD0B00C25865 /* bbox.cpp */; };
		C4AAD5971C91BD0B00C25865 /* bbox.hpp in Headers */ = {isa = PBXBuildFile; fileRef = C4AAD5951C91BD0B00C25865 /* bbox.hpp */; };
		C4AAD59A1C91C69400C25865 /* Container.cpp in Sources */ = {isa = PBXBuildFile; fileRef = C4AAD5981C91C69400C25865 /* Container.cpp */; };
		C4AAD59B1C91C69400C25865 /* Container.hpp in Headers */ = {isa = PBXBuildFile; fileRef = C4AAD5991C91C69400C25865 /* Container.hpp */; };
		C4AAD59E1C91EC7F00C25865 /* TransformSequence.cpp in Sources */ = {isa = PBXBuildFile; fileRef = C4AAD59C1C91EC7F00C25865 /* TransformSequence.cpp */; };
		C4AAD59F1C91EC7F00C25865 /* TransformSequence.hpp in Headers */ = {isa = PBXBuildFile; fileRef = C4AAD59D1C91EC7F00C25865 /* TransformSequence.hpp */; };
		C4AAD5A81C91EF7000C25865 /* Transformation.hpp in Headers */ = {isa = PBXBuildFile; fileRef = C4AAD5A61C91EF7000C25865 /* Transformation.hpp */; };
		C4AAD5AB1C91EFFA00C25865 /* translation.cpp in Sources */ = {isa = PBXBuildFile; fileRef = C4AAD5A91C91EFFA00C25865 /* translation.cpp */; };
		C4AAD5AC1C91EFFA00C25865 /* translation.hpp in Headers */ = {isa = PBXBuildFile; fileRef = C4AAD5AA1C91EFFA00C25865 /* translation.hpp */; };
		C4AAD5AF1C91FB0800C25865 /* rotation.cpp in Sources */ = {isa = PBXBuildFile; fileRef = C4AAD5AD1C91FB0800C25865 /* rotation.cpp */; };
		C4AAD5B01C91FB0800C25865 /* rotation.hpp in Headers */ = {isa = PBXBuildFile; fileRef = C4AAD5AE1C91FB0800C25865 /* rotation.hpp */; };
		C4AAD5B41C91FCF100C25865 /* scaling.cpp in Sources */ = {isa = PBXBuildFile; fileRef = C4AAD5B21C91FCF100C25865 /* scaling.cpp */; };
		C4AAD5B51C91FCF100C25865 /* scaling.hpp in Headers */ = {isa = PBXBuildFile; fileRef = C4AAD5B31C91FCF100C25865 /* scaling.hpp */; };
		C4AAD5C31C92631700C25865 /* Stage.cpp in Sources */ = {isa = PBXBuildFile; fileRef = C4AAD5C11C92631700C25865 /* Stage.cpp */; };
		C4AAD5C41C92631700C25865 /* Stage.hpp in Headers */ = {isa = PBXBuildFile; fileRef = C4AAD5C21C92631700C25865 /* Stage.hpp */; };
		C4B634F21C9F990C00D406C0 /* CreateGL.cpp in Sources */ = {isa = PBXBuildFile; fileRef = C4B634F01C9F990C00D406C0 /* CreateGL.cpp */; };
		C4B634F31C9F990C00D406C0 /* CreateGL.hpp in Headers */ = {isa = PBXBuildFile; fileRef = C4B634F11C9F990C00D406C0 /* CreateGL.hpp */; };
		C4FE8F8E1C9C0A0900AECC8F /* Buffer.cpp in Sources */ = {isa = PBXBuildFile; fileRef = C4FE8F8C1C9C0A0900AECC8F /* Buffer.cpp */; };
		C4FE8F8F1C9C0A0900AECC8F /* Buffer.hpp in Headers */ = {isa = PBXBuildFile; fileRef = C4FE8F8D1C9C0A0900AECC8F /* Buffer.hpp */; };
/* End PBXBuildFile section */

/* Begin PBXContainerItemProxy section */
		C44BD0591CC5A1AB00F51AFA /* PBXContainerItemProxy */ = {
			isa = PBXContainerItemProxy;
			containerPortal = C4AAD5871C91A92700C25865 /* ChaosCore.xcodeproj */;
			proxyType = 2;
			remoteGlobalIDString = C4AB85931CC4451F00A69438;
			remoteInfo = ChaosCoreTest;
		};
		C44BD06D1CC5A22400F51AFA /* PBXContainerItemProxy */ = {
			isa = PBXContainerItemProxy;
			containerPortal = C4AAD5571C91A83A00C25865 /* Project object */;
			proxyType = 1;
			remoteGlobalIDString = C4AAD55E1C91A83A00C25865;
			remoteInfo = CreateGL;
		};
		C44BD06F1CC5A22400F51AFA /* PBXContainerItemProxy */ = {
			isa = PBXContainerItemProxy;
			containerPortal = C4AAD5871C91A92700C25865 /* ChaosCore.xcodeproj */;
			proxyType = 1;
			remoteGlobalIDString = C4E4E6471C8F24AA00AC2C72;
			remoteInfo = ChaosCore;
		};
		C44BD0711CC5A22400F51AFA /* PBXContainerItemProxy */ = {
			isa = PBXContainerItemProxy;
			containerPortal = C4AAD56D1C91A87900C25865 /* ChaosGL.xcodeproj */;
			proxyType = 1;
			remoteGlobalIDString = C4E4E6221C8F23E400AC2C72;
			remoteInfo = ChaosGL;
		};
		C44BD0731CC5A22400F51AFA /* PBXContainerItemProxy */ = {
			isa = PBXContainerItemProxy;
			containerPortal = C4AAD5871C91A92700C25865 /* ChaosCore.xcodeproj */;
			proxyType = 1;
			remoteGlobalIDString = C4E4E6471C8F24AA00AC2C72;
			remoteInfo = ChaosCore;
		};
		C4AAD5731C91A87900C25865 /* PBXContainerItemProxy */ = {
			isa = PBXContainerItemProxy;
			containerPortal = C4AAD56D1C91A87900C25865 /* ChaosGL.xcodeproj */;
			proxyType = 2;
			remoteGlobalIDString = C4E4E6231C8F23E400AC2C72;
			remoteInfo = ChaosGL;
		};
		C4AAD5751C91A87900C25865 /* PBXContainerItemProxy */ = {
			isa = PBXContainerItemProxy;
			containerPortal = C4AAD56D1C91A87900C25865 /* ChaosGL.xcodeproj */;
			proxyType = 2;
			remoteGlobalIDString = C4D6EFBB1C8F32D800FEB8BA;
			remoteInfo = ChaosGLTest;
		};
		C4AAD5831C91A8D400C25865 /* PBXContainerItemProxy */ = {
			isa = PBXContainerItemProxy;
			containerPortal = C4AAD56D1C91A87900C25865 /* ChaosGL.xcodeproj */;
			proxyType = 1;
			remoteGlobalIDString = C4E4E6221C8F23E400AC2C72;
			remoteInfo = ChaosGL;
		};
		C4AAD58B1C91A92700C25865 /* PBXContainerItemProxy */ = {
			isa = PBXContainerItemProxy;
			containerPortal = C4AAD5871C91A92700C25865 /* ChaosCore.xcodeproj */;
			proxyType = 2;
			remoteGlobalIDString = C4E4E6481C8F24AA00AC2C72;
			remoteInfo = ChaosCore;
		};
		C4AAD58D1C91A93100C25865 /* PBXContainerItemProxy */ = {
			isa = PBXContainerItemProxy;
			containerPortal = C4AAD5871C91A92700C25865 /* ChaosCore.xcodeproj */;
			proxyType = 1;
			remoteGlobalIDString = C4E4E6471C8F24AA00AC2C72;
			remoteInfo = ChaosCore;
		};
		C4AAD61A1C94746500C25865 /* PBXContainerItemProxy */ = {
			isa = PBXContainerItemProxy;
			containerPortal = C4AAD56D1C91A87900C25865 /* ChaosGL.xcodeproj */;
			proxyType = 2;
			remoteGlobalIDString = C4AAD5E61C9449B300C25865;
			remoteInfo = Playground;
		};
/* End PBXContainerItemProxy section */

/* Begin PBXCopyFilesBuildPhase section */
		C44BD0611CC5A20700F51AFA /* CopyFiles */ = {
			isa = PBXCopyFilesBuildPhase;
			buildActionMask = 2147483647;
			dstPath = /usr/share/man/man1/;
			dstSubfolderSpec = 0;
			files = (
			);
			runOnlyForDeploymentPostprocessing = 1;
		};
/* End PBXCopyFilesBuildPhase section */

/* Begin PBXFileReference section */
		C44BD05D1CC5A1D900F51AFA /* libgtest.a */ = {isa = PBXFileReference; lastKnownFileType = archive.ar; name = libgtest.a; path = ../../../../../../../opt/local/lib/libgtest.a; sourceTree = "<group>"; };
		C44BD0631CC5A20700F51AFA /* CreateGLTest */ = {isa = PBXFileReference; explicitFileType = "compiled.mach-o.executable"; includeInIndex = 0; path = CreateGLTest; sourceTree = BUILT_PRODUCTS_DIR; };
		C44BD0651CC5A20700F51AFA /* main.cpp */ = {isa = PBXFileReference; lastKnownFileType = sourcecode.cpp.cpp; path = main.cpp; sourceTree = "<group>"; };
		C44BD0761CC5A40600F51AFA /* Shape.cpp */ = {isa = PBXFileReference; fileEncoding = 4; lastKnownFileType = sourcecode.cpp.cpp; path = Shape.cpp; sourceTree = "<group>"; };
		C44BD0771CC5A40600F51AFA /* Shape.hpp */ = {isa = PBXFileReference; fileEncoding = 4; lastKnownFileType = sourcecode.cpp.h; path = Shape.hpp; sourceTree = "<group>"; };
		C4AAD55F1C91A83A00C25865 /* libCreateGL.dylib */ = {isa = PBXFileReference; explicitFileType = "compiled.mach-o.dylib"; includeInIndex = 0; path = libCreateGL.dylib; sourceTree = BUILT_PRODUCTS_DIR; };
		C4AAD56D1C91A87900C25865 /* ChaosGL.xcodeproj */ = {isa = PBXFileReference; lastKnownFileType = "wrapper.pb-project"; name = ChaosGL.xcodeproj; path = ../ChaosGL/ChaosGL.xcodeproj; sourceTree = "<group>"; };
		C4AAD5791C91A8A500C25865 /* OpenGL.framework */ = {isa = PBXFileReference; lastKnownFileType = wrapper.framework; name = OpenGL.framework; path = System/Library/Frameworks/OpenGL.framework; sourceTree = SDKROOT; };
		C4AAD5871C91A92700C25865 /* ChaosCore.xcodeproj */ = {isa = PBXFileReference; lastKnownFileType = "wrapper.pb-project"; name = ChaosCore.xcodeproj; path = ../ChaosCore/ChaosCore.xcodeproj; sourceTree = "<group>"; };
		C4AAD5901C91AA4B00C25865 /* DisplayObject.cpp */ = {isa = PBXFileReference; fileEncoding = 4; lastKnownFileType = sourcecode.cpp.cpp; path = DisplayObject.cpp; sourceTree = "<group>"; };
		C4AAD5911C91AA4B00C25865 /* DisplayObject.hpp */ = {isa = PBXFileReference; fileEncoding = 4; lastKnownFileType = sourcecode.cpp.h; path = DisplayObject.hpp; sourceTree = "<group>"; };
		C4AAD5941C91BD0B00C25865 /* bbox.cpp */ = {isa = PBXFileReference; fileEncoding = 4; lastKnownFileType = sourcecode.cpp.cpp; path = bbox.cpp; sourceTree = "<group>"; };
		C4AAD5951C91BD0B00C25865 /* bbox.hpp */ = {isa = PBXFileReference; fileEncoding = 4; lastKnownFileType = sourcecode.cpp.h; path = bbox.hpp; sourceTree = "<group>"; };
		C4AAD5981C91C69400C25865 /* Container.cpp */ = {isa = PBXFileReference; fileEncoding = 4; lastKnownFileType = sourcecode.cpp.cpp; path = Container.cpp; sourceTree = "<group>"; };
		C4AAD5991C91C69400C25865 /* Container.hpp */ = {isa = PBXFileReference; fileEncoding = 4; lastKnownFileType = sourcecode.cpp.h; path = Container.hpp; sourceTree = "<group>"; };
		C4AAD59C1C91EC7F00C25865 /* TransformSequence.cpp */ = {isa = PBXFileReference; fileEncoding = 4; lastKnownFileType = sourcecode.cpp.cpp; path = TransformSequence.cpp; sourceTree = "<group>"; };
		C4AAD59D1C91EC7F00C25865 /* TransformSequence.hpp */ = {isa = PBXFileReference; fileEncoding = 4; lastKnownFileType = sourcecode.cpp.h; path = TransformSequence.hpp; sourceTree = "<group>"; };
		C4AAD5A61C91EF7000C25865 /* Transformation.hpp */ = {isa = PBXFileReference; fileEncoding = 4; lastKnownFileType = sourcecode.cpp.h; path = Transformation.hpp; sourceTree = "<group>"; };
		C4AAD5A91C91EFFA00C25865 /* translation.cpp */ = {isa = PBXFileReference; fileEncoding = 4; lastKnownFileType = sourcecode.cpp.cpp; path = translation.cpp; sourceTree = "<group>"; };
		C4AAD5AA1C91EFFA00C25865 /* translation.hpp */ = {isa = PBXFileReference; fileEncoding = 4; lastKnownFileType = sourcecode.cpp.h; path = translation.hpp; sourceTree = "<group>"; };
		C4AAD5AD1C91FB0800C25865 /* rotation.cpp */ = {isa = PBXFileReference; fileEncoding = 4; lastKnownFileType = sourcecode.cpp.cpp; path = rotation.cpp; sourceTree = "<group>"; };
		C4AAD5AE1C91FB0800C25865 /* rotation.hpp */ = {isa = PBXFileReference; fileEncoding = 4; lastKnownFileType = sourcecode.cpp.h; path = rotation.hpp; sourceTree = "<group>"; };
		C4AAD5B21C91FCF100C25865 /* scaling.cpp */ = {isa = PBXFileReference; fileEncoding = 4; lastKnownFileType = sourcecode.cpp.cpp; path = scaling.cpp; sourceTree = "<group>"; };
		C4AAD5B31C91FCF100C25865 /* scaling.hpp */ = {isa = PBXFileReference; fileEncoding = 4; lastKnownFileType = sourcecode.cpp.h; path = scaling.hpp; sourceTree = "<group>"; };
		C4AAD5C11C92631700C25865 /* Stage.cpp */ = {isa = PBXFileReference; fileEncoding = 4; lastKnownFileType = sourcecode.cpp.cpp; path = Stage.cpp; sourceTree = "<group>"; };
		C4AAD5C21C92631700C25865 /* Stage.hpp */ = {isa = PBXFileReference; fileEncoding = 4; lastKnownFileType = sourcecode.cpp.h; path = Stage.hpp; sourceTree = "<group>"; };
		C4B634F01C9F990C00D406C0 /* CreateGL.cpp */ = {isa = PBXFileReference; fileEncoding = 4; lastKnownFileType = sourcecode.cpp.cpp; path = CreateGL.cpp; sourceTree = "<group>"; };
		C4B634F11C9F990C00D406C0 /* CreateGL.hpp */ = {isa = PBXFileReference; fileEncoding = 4; lastKnownFileType = sourcecode.cpp.h; path = CreateGL.hpp; sourceTree = "<group>"; };
		C4FE8F8C1C9C0A0900AECC8F /* Buffer.cpp */ = {isa = PBXFileReference; fileEncoding = 4; lastKnownFileType = sourcecode.cpp.cpp; path = Buffer.cpp; sourceTree = "<group>"; };
		C4FE8F8D1C9C0A0900AECC8F /* Buffer.hpp */ = {isa = PBXFileReference; fileEncoding = 4; lastKnownFileType = sourcecode.cpp.h; path = Buffer.hpp; sourceTree = "<group>"; };
/* End PBXFileReference section */

/* Begin PBXFrameworksBuildPhase section */
		C44BD0601CC5A20700F51AFA /* Frameworks */ = {
			isa = PBXFrameworksBuildPhase;
			buildActionMask = 2147483647;
			files = (
				C44BD0751CC5A23D00F51AFA /* libgtest.a in Frameworks */,
				C44BD06A1CC5A21900F51AFA /* libCreateGL.dylib in Frameworks */,
				C44BD06B1CC5A21900F51AFA /* libChaosCore.dylib in Frameworks */,
				C44BD06C1CC5A21900F51AFA /* libChaosGL.dylib in Frameworks */,
			);
			runOnlyForDeploymentPostprocessing = 0;
		};
		C4AAD55C1C91A83A00C25865 /* Frameworks */ = {
			isa = PBXFrameworksBuildPhase;
			buildActionMask = 2147483647;
			files = (
				C4AAD57B1C91A8A500C25865 /* OpenGL.framework in Frameworks */,
				C4AAD58F1C91A93500C25865 /* libChaosCore.dylib in Frameworks */,
				C4AAD5771C91A8A400C25865 /* libChaosGL.dylib in Frameworks */,
			);
			runOnlyForDeploymentPostprocessing = 0;
		};
/* End PBXFrameworksBuildPhase section */

/* Begin PBXGroup section */
		C44548281C99C7730069E9F8 /* Templates */ = {
			isa = PBXGroup;
			children = (
			);
			name = Templates;
			sourceTree = "<group>";
		};
		C44BD0641CC5A20700F51AFA /* CreateGLTest */ = {
			isa = PBXGroup;
			children = (
				C44BD0651CC5A20700F51AFA /* main.cpp */,
			);
			path = CreateGLTest;
			sourceTree = "<group>";
		};
		C4AAD5561C91A83A00C25865 = {
			isa = PBXGroup;
			children = (
				C44BD05D1CC5A1D900F51AFA /* libgtest.a */,
				C4AAD5791C91A8A500C25865 /* OpenGL.framework */,
				C4AAD5871C91A92700C25865 /* ChaosCore.xcodeproj */,
				C4AAD56D1C91A87900C25865 /* ChaosGL.xcodeproj */,
				C4AAD5611C91A83A00C25865 /* CreateGL */,
				C44BD0641CC5A20700F51AFA /* CreateGLTest */,
				C4AAD5601C91A83A00C25865 /* Products */,
			);
			sourceTree = "<group>";
		};
		C4AAD5601C91A83A00C25865 /* Products */ = {
			isa = PBXGroup;
			children = (
				C4AAD55F1C91A83A00C25865 /* libCreateGL.dylib */,
				C44BD0631CC5A20700F51AFA /* CreateGLTest */,
			);
			name = Products;
			sourceTree = "<group>";
		};
		C4AAD5611C91A83A00C25865 /* CreateGL */ = {
			isa = PBXGroup;
			children = (
				C44548281C99C7730069E9F8 /* Templates */,
				C4AAD5B11C91FCC500C25865 /* Classes */,
				C4AAD61C1C94748500C25865 /* Functions */,
				C4AAD61D1C9474A000C25865 /* Interfaces */,
				C4AAD5C91C92670200C25865 /* Structs */,
				C4B634F01C9F990C00D406C0 /* CreateGL.cpp */,
				C4B634F11C9F990C00D406C0 /* CreateGL.hpp */,
			);
			path = CreateGL;
			sourceTree = "<group>";
		};
		C4AAD56E1C91A87900C25865 /* Products */ = {
			isa = PBXGroup;
			children = (
				C4AAD5741C91A87900C25865 /* libChaosGL.dylib */,
				C4AAD61B1C94746500C25865 /* Playground */,
				C4AAD5761C91A87900C25865 /* ChaosGLTest */,
			);
			name = Products;
			sourceTree = "<group>";
		};
		C4AAD5881C91A92700C25865 /* Products */ = {
			isa = PBXGroup;
			children = (
				C4AAD58C1C91A92700C25865 /* libChaosCore.dylib */,
				C44BD05A1CC5A1AB00F51AFA /* ChaosCoreTest */,
			);
			name = Products;
			sourceTree = "<group>";
		};
		C4AAD5B11C91FCC500C25865 /* Classes */ = {
			isa = PBXGroup;
			children = (
				C4FE8F8C1C9C0A0900AECC8F /* Buffer.cpp */,
				C4FE8F8D1C9C0A0900AECC8F /* Buffer.hpp */,
				C4AAD5981C91C69400C25865 /* Container.cpp */,
				C4AAD5991C91C69400C25865 /* Container.hpp */,
				C4AAD5901C91AA4B00C25865 /* DisplayObject.cpp */,
				C4AAD5911C91AA4B00C25865 /* DisplayObject.hpp */,
				C44BD0761CC5A40600F51AFA /* Shape.cpp */,
				C44BD0771CC5A40600F51AFA /* Shape.hpp */,
				C4AAD5C11C92631700C25865 /* Stage.cpp */,
				C4AAD5C21C92631700C25865 /* Stage.hpp */,
				C4AAD59C1C91EC7F00C25865 /* TransformSequence.cpp */,
				C4AAD59D1C91EC7F00C25865 /* TransformSequence.hpp */,
			);
			name = Classes;
			sourceTree = "<group>";
		};
		C4AAD5C91C92670200C25865 /* Structs */ = {
			isa = PBXGroup;
			children = (
				C4AAD5941C91BD0B00C25865 /* bbox.cpp */,
				C4AAD5951C91BD0B00C25865 /* bbox.hpp */,
				C4AAD5AD1C91FB0800C25865 /* rotation.cpp */,
				C4AAD5AE1C91FB0800C25865 /* rotation.hpp */,
				C4AAD5B21C91FCF100C25865 /* scaling.cpp */,
				C4AAD5B31C91FCF100C25865 /* scaling.hpp */,
				C4AAD5A91C91EFFA00C25865 /* translation.cpp */,
				C4AAD5AA1C91EFFA00C25865 /* translation.hpp */,
			);
			name = Structs;
			sourceTree = "<group>";
		};
		C4AAD61C1C94748500C25865 /* Functions */ = {
			isa = PBXGroup;
			children = (
			);
			name = Functions;
			sourceTree = "<group>";
		};
		C4AAD61D1C9474A000C25865 /* Interfaces */ = {
			isa = PBXGroup;
			children = (
				C4AAD5A61C91EF7000C25865 /* Transformation.hpp */,
			);
			name = Interfaces;
			sourceTree = "<group>";
		};
/* End PBXGroup section */

/* Begin PBXHeadersBuildPhase section */
		C4AAD55D1C91A83A00C25865 /* Headers */ = {
			isa = PBXHeadersBuildPhase;
			buildActionMask = 2147483647;
			files = (
				C4AAD5B01C91FB0800C25865 /* rotation.hpp in Headers */,
				C4AAD5AC1C91EFFA00C25865 /* translation.hpp in Headers */,
				C4AAD5B51C91FCF100C25865 /* scaling.hpp in Headers */,
				C4AAD59F1C91EC7F00C25865 /* TransformSequence.hpp in Headers */,
				C4B634F31C9F990C00D406C0 /* CreateGL.hpp in Headers */,
				C4AAD59B1C91C69400C25865 /* Container.hpp in Headers */,
				C4AAD5971C91BD0B00C25865 /* bbox.hpp in Headers */,
				C4AAD5931C91AA4B00C25865 /* DisplayObject.hpp in Headers */,
				C4AAD5A81C91EF7000C25865 /* Transformation.hpp in Headers */,
				C44BD0791CC5A40600F51AFA /* Shape.hpp in Headers */,
				C4FE8F8F1C9C0A0900AECC8F /* Buffer.hpp in Headers */,
				C4AAD5C41C92631700C25865 /* Stage.hpp in Headers */,
			);
			runOnlyForDeploymentPostprocessing = 0;
		};
/* End PBXHeadersBuildPhase section */

/* Begin PBXNativeTarget section */
		C44BD0621CC5A20700F51AFA /* CreateGLTest */ = {
			isa = PBXNativeTarget;
			buildConfigurationList = C44BD0671CC5A20700F51AFA /* Build configuration list for PBXNativeTarget "CreateGLTest" */;
			buildPhases = (
				C44BD05F1CC5A20700F51AFA /* Sources */,
				C44BD0601CC5A20700F51AFA /* Frameworks */,
				C44BD0611CC5A20700F51AFA /* CopyFiles */,
			);
			buildRules = (
			);
			dependencies = (
				C44BD06E1CC5A22400F51AFA /* PBXTargetDependency */,
				C44BD0701CC5A22400F51AFA /* PBXTargetDependency */,
				C44BD0721CC5A22400F51AFA /* PBXTargetDependency */,
				C44BD0741CC5A22400F51AFA /* PBXTargetDependency */,
			);
			name = CreateGLTest;
			productName = CreateGLTest;
			productReference = C44BD0631CC5A20700F51AFA /* CreateGLTest */;
			productType = "com.apple.product-type.tool";
		};
		C4AAD55E1C91A83A00C25865 /* CreateGL */ = {
			isa = PBXNativeTarget;
			buildConfigurationList = C4AAD56A1C91A83A00C25865 /* Build configuration list for PBXNativeTarget "CreateGL" */;
			buildPhases = (
				C4AAD55B1C91A83A00C25865 /* Sources */,
				C4AAD55C1C91A83A00C25865 /* Frameworks */,
				C4AAD55D1C91A83A00C25865 /* Headers */,
			);
			buildRules = (
			);
			dependencies = (
				C4AAD58E1C91A93100C25865 /* PBXTargetDependency */,
				C4AAD5841C91A8D400C25865 /* PBXTargetDependency */,
			);
			name = CreateGL;
			productName = CreateGL;
			productReference = C4AAD55F1C91A83A00C25865 /* libCreateGL.dylib */;
			productType = "com.apple.product-type.library.dynamic";
		};
/* End PBXNativeTarget section */

/* Begin PBXProject section */
		C4AAD5571C91A83A00C25865 /* Project object */ = {
			isa = PBXProject;
			attributes = {
				LastUpgradeCheck = 0720;
				ORGANIZATIONNAME = "Fu Lam Diep";
				TargetAttributes = {
					C44BD0621CC5A20700F51AFA = {
						CreatedOnToolsVersion = 7.3;
					};
					C4AAD55E1C91A83A00C25865 = {
						CreatedOnToolsVersion = 7.2.1;
					};
				};
			};
			buildConfigurationList = C4AAD55A1C91A83A00C25865 /* Build configuration list for PBXProject "CreateGL" */;
			compatibilityVersion = "Xcode 3.2";
			developmentRegion = English;
			hasScannedForEncodings = 0;
			knownRegions = (
				en,
			);
			mainGroup = C4AAD5561C91A83A00C25865;
			productRefGroup = C4AAD5601C91A83A00C25865 /* Products */;
			projectDirPath = "";
			projectReferences = (
				{
					ProductGroup = C4AAD5881C91A92700C25865 /* Products */;
					ProjectRef = C4AAD5871C91A92700C25865 /* ChaosCore.xcodeproj */;
				},
				{
					ProductGroup = C4AAD56E1C91A87900C25865 /* Products */;
					ProjectRef = C4AAD56D1C91A87900C25865 /* ChaosGL.xcodeproj */;
				},
			);
			projectRoot = "";
			targets = (
				C4AAD55E1C91A83A00C25865 /* CreateGL */,
				C44BD0621CC5A20700F51AFA /* CreateGLTest */,
			);
		};
/* End PBXProject section */

/* Begin PBXReferenceProxy section */
		C44BD05A1CC5A1AB00F51AFA /* ChaosCoreTest */ = {
			isa = PBXReferenceProxy;
			fileType = "compiled.mach-o.executable";
			path = ChaosCoreTest;
			remoteRef = C44BD0591CC5A1AB00F51AFA /* PBXContainerItemProxy */;
			sourceTree = BUILT_PRODUCTS_DIR;
		};
		C4AAD5741C91A87900C25865 /* libChaosGL.dylib */ = {
			isa = PBXReferenceProxy;
			fileType = "compiled.mach-o.dylib";
			path = libChaosGL.dylib;
			remoteRef = C4AAD5731C91A87900C25865 /* PBXContainerItemProxy */;
			sourceTree = BUILT_PRODUCTS_DIR;
		};
		C4AAD5761C91A87900C25865 /* ChaosGLTest */ = {
			isa = PBXReferenceProxy;
			fileType = "compiled.mach-o.executable";
			path = ChaosGLTest;
			remoteRef = C4AAD5751C91A87900C25865 /* PBXContainerItemProxy */;
			sourceTree = BUILT_PRODUCTS_DIR;
		};
		C4AAD58C1C91A92700C25865 /* libChaosCore.dylib */ = {
			isa = PBXReferenceProxy;
			fileType = "compiled.mach-o.dylib";
			path = libChaosCore.dylib;
			remoteRef = C4AAD58B1C91A92700C25865 /* PBXContainerItemProxy */;
			sourceTree = BUILT_PRODUCTS_DIR;
		};
		C4AAD61B1C94746500C25865 /* Playground */ = {
			isa = PBXReferenceProxy;
			fileType = "compiled.mach-o.executable";
			path = Playground;
			remoteRef = C4AAD61A1C94746500C25865 /* PBXContainerItemProxy */;
			sourceTree = BUILT_PRODUCTS_DIR;
		};
/* End PBXReferenceProxy section */

/* Begin PBXSourcesBuildPhase section */
		C44BD05F1CC5A20700F51AFA /* Sources */ = {
			isa = PBXSourcesBuildPhase;
			buildActionMask = 2147483647;
			files = (
				C44BD0661CC5A20700F51AFA /* main.cpp in Sources */,
			);
			runOnlyForDeploymentPostprocessing = 0;
		};
		C4AAD55B1C91A83A00C25865 /* Sources */ = {
			isa = PBXSourcesBuildPhase;
			buildActionMask = 2147483647;
			files = (
				C4B634F21C9F990C00D406C0 /* CreateGL.cpp in Sources */,
				C44BD0781CC5A40600F51AFA /* Shape.cpp in Sources */,
				C4AAD59A1C91C69400C25865 /* Container.cpp in Sources */,
				C4AAD5921C91AA4B00C25865 /* DisplayObject.cpp in Sources */,
				C4AAD5B41C91FCF100C25865 /* scaling.cpp in Sources */,
				C4AAD5961C91BD0B00C25865 /* bbox.cpp in Sources */,
				C4AAD5AB1C91EFFA00C25865 /* translation.cpp in Sources */,
				C4AAD59E1C91EC7F00C25865 /* TransformSequence.cpp in Sources */,
				C4AAD5C31C92631700C25865 /* Stage.cpp in Sources */,
				C4FE8F8E1C9C0A0900AECC8F /* Buffer.cpp in Sources */,
				C4AAD5AF1C91FB0800C25865 /* rotation.cpp in Sources */,
			);
			runOnlyForDeploymentPostprocessing = 0;
		};
/* End PBXSourcesBuildPhase section */

/* Begin PBXTargetDependency section */
		C44BD06E1CC5A22400F51AFA /* PBXTargetDependency */ = {
			isa = PBXTargetDependency;
			target = C4AAD55E1C91A83A00C25865 /* CreateGL */;
			targetProxy = C44BD06D1CC5A22400F51AFA /* PBXContainerItemProxy */;
		};
		C44BD0701CC5A22400F51AFA /* PBXTargetDependency */ = {
			isa = PBXTargetDependency;
			name = ChaosCore;
			targetProxy = C44BD06F1CC5A22400F51AFA /* PBXContainerItemProxy */;
		};
		C44BD0721CC5A22400F51AFA /* PBXTargetDependency */ = {
			isa = PBXTargetDependency;
			name = ChaosGL;
			targetProxy = C44BD0711CC5A22400F51AFA /* PBXContainerItemProxy */;
		};
		C44BD0741CC5A22400F51AFA /* PBXTargetDependency */ = {
			isa = PBXTargetDependency;
			name = ChaosCore;
			targetProxy = C44BD0731CC5A22400F51AFA /* PBXContainerItemProxy */;
		};
		C4AAD5841C91A8D400C25865 /* PBXTargetDependency */ = {
			isa = PBXTargetDependency;
			name = ChaosGL;
			targetProxy = C4AAD5831C91A8D400C25865 /* PBXContainerItemProxy */;
		};
		C4AAD58E1C91A93100C25865 /* PBXTargetDependency */ = {
			isa = PBXTargetDependency;
			name = ChaosCore;
			targetProxy = C4AAD58D1C91A93100C25865 /* PBXContainerItemProxy */;
		};
/* End PBXTargetDependency section */

/* Begin XCBuildConfiguration section */
		C44BD0681CC5A20700F51AFA /* Debug */ = {
			isa = XCBuildConfiguration;
			buildSettings = {
				CLANG_ANALYZER_NONNULL = YES;
				LIBRARY_SEARCH_PATHS = (
					"$(inherited)",
					/opt/local/lib,
				);
				PRODUCT_NAME = "$(TARGET_NAME)";
			};
			name = Debug;
		};
		C44BD0691CC5A20700F51AFA /* Release */ = {
			isa = XCBuildConfiguration;
			buildSettings = {
				CLANG_ANALYZER_NONNULL = YES;
				LIBRARY_SEARCH_PATHS = (
					"$(inherited)",
					/opt/local/lib,
				);
				PRODUCT_NAME = "$(TARGET_NAME)";
			};
			name = Release;
		};
		C4AAD5681C91A83A00C25865 /* Debug */ = {
			isa = XCBuildConfiguration;
			buildSettings = {
				ALWAYS_SEARCH_USER_PATHS = NO;
				CLANG_CXX_LANGUAGE_STANDARD = "gnu++0x";
				CLANG_CXX_LIBRARY = "libc++";
				CLANG_ENABLE_MODULES = YES;
				CLANG_ENABLE_OBJC_ARC = YES;
				CLANG_WARN_BOOL_CONVERSION = YES;
				CLANG_WARN_CONSTANT_CONVERSION = YES;
				CLANG_WARN_DIRECT_OBJC_ISA_USAGE = YES_ERROR;
				CLANG_WARN_EMPTY_BODY = YES;
				CLANG_WARN_ENUM_CONVERSION = YES;
				CLANG_WARN_INT_CONVERSION = YES;
				CLANG_WARN_OBJC_ROOT_CLASS = YES_ERROR;
				CLANG_WARN_UNREACHABLE_CODE = YES;
				CLANG_WARN__DUPLICATE_METHOD_MATCH = YES;
				CODE_SIGN_IDENTITY = "-";
				COPY_PHASE_STRIP = NO;
				DEBUG_INFORMATION_FORMAT = dwarf;
				ENABLE_STRICT_OBJC_MSGSEND = YES;
				ENABLE_TESTABILITY = YES;
				GCC_C_LANGUAGE_STANDARD = gnu99;
				GCC_DYNAMIC_NO_PIC = NO;
				GCC_NO_COMMON_BLOCKS = YES;
				GCC_OPTIMIZATION_LEVEL = 0;
				GCC_PREPROCESSOR_DEFINITIONS = (
					"DEBUG=1",
					"$(inherited)",
				);
				GCC_WARN_64_TO_32_BIT_CONVERSION = YES;
				GCC_WARN_ABOUT_RETURN_TYPE = YES_ERROR;
				GCC_WARN_UNDECLARED_SELECTOR = YES;
				GCC_WARN_UNINITIALIZED_AUTOS = YES_AGGRESSIVE;
				GCC_WARN_UNUSED_FUNCTION = YES;
				GCC_WARN_UNUSED_VARIABLE = YES;
				HEADER_SEARCH_PATHS = (
					/opt/local/include,
					../ChaosCore,
					../ChaosGL,
					../CreateGL,
				);
				MACOSX_DEPLOYMENT_TARGET = 10.11;
				MTL_ENABLE_DEBUG_INFO = YES;
				ONLY_ACTIVE_ARCH = YES;
				SDKROOT = macosx;
			};
			name = Debug;
		};
		C4AAD5691C91A83A00C25865 /* Release */ = {
			isa = XCBuildConfiguration;
			buildSettings = {
				ALWAYS_SEARCH_USER_PATHS = NO;
				CLANG_CXX_LANGUAGE_STANDARD = "gnu++0x";
				CLANG_CXX_LIBRARY = "libc++";
				CLANG_ENABLE_MODULES = YES;
				CLANG_ENABLE_OBJC_ARC = YES;
				CLANG_WARN_BOOL_CONVERSION = YES;
				CLANG_WARN_CONSTANT_CONVERSION = YES;
				CLANG_WARN_DIRECT_OBJC_ISA_USAGE = YES_ERROR;
				CLANG_WARN_EMPTY_BODY = YES;
				CLANG_WARN_ENUM_CONVERSION = YES;
				CLANG_WARN_INT_CONVERSION = YES;
				CLANG_WARN_OBJC_ROOT_CLASS = YES_ERROR;
				CLANG_WARN_UNREACHABLE_CODE = YES;
				CLANG_WARN__DUPLICATE_METHOD_MATCH = YES;
				CODE_SIGN_IDENTITY = "-";
				COPY_PHASE_STRIP = NO;
				DEBUG_INFORMATION_FORMAT = "dwarf-with-dsym";
				ENABLE_NS_ASSERTIONS = NO;
				ENABLE_STRICT_OBJC_MSGSEND = YES;
				GCC_C_LANGUAGE_STANDARD = gnu99;
				GCC_NO_COMMON_BLOCKS = YES;
				GCC_WARN_64_TO_32_BIT_CONVERSION = YES;
				GCC_WARN_ABOUT_RETURN_TYPE = YES_ERROR;
				GCC_WARN_UNDECLARED_SELECTOR = YES;
				GCC_WARN_UNINITIALIZED_AUTOS = YES_AGGRESSIVE;
				GCC_WARN_UNUSED_FUNCTION = YES;
				GCC_WARN_UNUSED_VARIABLE = YES;
				HEADER_SEARCH_PATHS = (
					/opt/local/include,
					../ChaosCore,
					../ChaosGL,
					../CreateGL,
				);
				MACOSX_DEPLOYMENT_TARGET = 10.11;
				MTL_ENABLE_DEBUG_INFO = NO;
				SDKROOT = macosx;
			};
			name = Release;
		};
		C4AAD56B1C91A83A00C25865 /* Debug */ = {
			isa = XCBuildConfiguration;
			buildSettings = {
				DYLIB_COMPATIBILITY_VERSION = 1;
				DYLIB_CURRENT_VERSION = 1;
				EXECUTABLE_PREFIX = lib;
				GCC_ENABLE_CPP_EXCEPTIONS = YES;
				GCC_ENABLE_CPP_RTTI = YES;
				GCC_SYMBOLS_PRIVATE_EXTERN = YES;
				PRODUCT_NAME = "$(TARGET_NAME)";
			};
			name = Debug;
		};
		C4AAD56C1C91A83A00C25865 /* Release */ = {
			isa = XCBuildConfiguration;
			buildSettings = {
				DYLIB_COMPATIBILITY_VERSION = 1;
				DYLIB_CURRENT_VERSION = 1;
				EXECUTABLE_PREFIX = lib;
				GCC_ENABLE_CPP_EXCEPTIONS = YES;
				GCC_ENABLE_CPP_RTTI = YES;
				GCC_SYMBOLS_PRIVATE_EXTERN = YES;
				PRODUCT_NAME = "$(TARGET_NAME)";
			};
			name = Release;
		};
/* End XCBuildConfiguration section */

/* Begin XCConfigurationList section */
		C44BD0671CC5A20700F51AFA /* Build configuration list for PBXNativeTarget "CreateGLTest" */ = {
			isa = XCConfigurationList;
			buildConfigurations = (
				C44BD0681CC5A20700F51AFA /* Debug */,
				C44BD0691CC5A20700F51AFA /* Release */,
			);
			defaultConfigurationIsVisible = 0;
			defaultConfigurationName = Release;
		};
		C4AAD55A1C91A83A00C25865 /* Build configuration list for PBXProject "CreateGL" */ = {
			isa = XCConfigurationList;
			buildConfigurations = (
				C4AAD5681C91A83A00C25865 /* Debug */,
				C4AAD5691C91A83A00C25865 /* Release */,
			);
			defaultConfigurationIsVisible = 0;
			defaultConfigurationName = Release;
		};
		C4AAD56A1C91A83A00C25865 /* Build configuration list for PBXNativeTarget "CreateGL" */ = {
			isa = XCConfigurationList;
			buildConfigurations = (
				C4AAD56B1C91A83A00C25865 /* Debug */,
				C4AAD56C1C91A83A00C25865 /* Release */,
			);
			defaultConfigurationIsVisible = 0;
			defaultConfigurationName = Release;
		};
/* End XCConfigurationList section */
	};
	rootObject = C4AAD5571C91A83A00C25865 /* Project object */;
}
